
Microsoft Visual Studio Solution File, Format Version 12.00
# Visual Studio Version 16
VisualStudioVersion = 16.0.28917.181
MinimumVisualStudioVersion = 10.0.40219.1
Project("{FAE04EC0-301F-11D3-BF4B-00C04F79EFBC}") = "TiendaRepuestos", "TiendaRepuestos\TiendaRepuestos.csproj", "{DADCBB12-1B11-442D-A0E0-FDF82BBB088B}"
EndProject
Global
	GlobalSection(SolutionConfigurationPlatforms) = preSolution
		Debug|Any CPU = Debug|Any CPU
		Release|Any CPU = Release|Any CPU
	EndGlobalSection
	GlobalSection(ProjectConfigurationPlatforms) = postSolution
		{DADCBB12-1B11-442D-A0E0-FDF82BBB088B}.Debug|Any CPU.ActiveCfg = Debug|Any CPU
		{DADCBB12-1B11-442D-A0E0-FDF82BBB088B}.Debug|Any CPU.Build.0 = Debug|Any CPU
		{DADCBB12-1B11-442D-A0E0-FDF82BBB088B}.Release|Any CPU.ActiveCfg = Release|Any CPU
		{DADCBB12-1B11-442D-A0E0-FDF82BBB088B}.Release|Any CPU.Build.0 = Release|Any CPU
	EndGlobalSection
	GlobalSection(SolutionProperties) = preSolution
		HideSolutionNode = FALSE
	EndGlobalSection
	GlobalSection(ExtensibilityGlobals) = postSolution
		SolutionGuid = {3B38B288-FB7D-44A0-9610-5D5B34DDFF8D}
	EndGlobalSection
EndGlobal
